
Microsoft Visual Studio Solution File, Format Version 12.00
# Visual Studio Version 16
VisualStudioVersion = 16.0.31424.327
MinimumVisualStudioVersion = 10.0.40219.1
Project("{FAE04EC0-301F-11D3-BF4B-00C04F79EFBC}") = "Kade", "Kade\Kade.csproj", "{D54BA09B-C42B-4FB8-A24A-2876F12D655B}"
EndProject
Global
	GlobalSection(SolutionConfigurationPlatforms) = preSolution
		Debug|Any CPU = Debug|Any CPU
		Release|Any CPU = Release|Any CPU
	EndGlobalSection
	GlobalSection(ProjectConfigurationPlatforms) = postSolution
		{D54BA09B-C42B-4FB8-A24A-2876F12D655B}.Debug|Any CPU.ActiveCfg = Debug|Any CPU
		{D54BA09B-C42B-4FB8-A24A-2876F12D655B}.Debug|Any CPU.Build.0 = Debug|Any CPU
		{D54BA09B-C42B-4FB8-A24A-2876F12D655B}.Release|Any CPU.ActiveCfg = Release|Any CPU
		{D54BA09B-C42B-4FB8-A24A-2876F12D655B}.Release|Any CPU.Build.0 = Release|Any CPU
	EndGlobalSection
	GlobalSection(SolutionProperties) = preSolution
		HideSolutionNode = FALSE
	EndGlobalSection
	GlobalSection(ExtensibilityGlobals) = postSolution
		SolutionGuid = {970BF50E-B124-44FB-963D-1B001E845D8B}
	EndGlobalSection
EndGlobal
